
Microsoft Visual Studio Solution File, Format Version 12.00
# Visual Studio Version 16
VisualStudioVersion = 16.0.30611.23
MinimumVisualStudioVersion = 10.0.40219.1
Project("{FAE04EC0-301F-11D3-BF4B-00C04F79EFBC}") = "Server", "Server\Server.csproj", "{39C4411C-6767-4FEE-81B2-33CA82128BF6}"
EndProject
Global
	GlobalSection(SolutionConfigurationPlatforms) = preSolution
		Debug|Any CPU = Debug|Any CPU
		Release|Any CPU = Release|Any CPU
	EndGlobalSection
	GlobalSection(ProjectConfigurationPlatforms) = postSolution
		{39C4411C-6767-4FEE-81B2-33CA82128BF6}.Debug|Any CPU.ActiveCfg = Debug|Any CPU
		{39C4411C-6767-4FEE-81B2-33CA82128BF6}.Debug|Any CPU.Build.0 = Debug|Any CPU
		{39C4411C-6767-4FEE-81B2-33CA82128BF6}.Release|Any CPU.ActiveCfg = Release|Any CPU
		{39C4411C-6767-4FEE-81B2-33CA82128BF6}.Release|Any CPU.Build.0 = Release|Any CPU
	EndGlobalSection
	GlobalSection(SolutionProperties) = preSolution
		HideSolutionNode = FALSE
	EndGlobalSection
	GlobalSection(ExtensibilityGlobals) = postSolution
		SolutionGuid = {D4E73C5D-1333-4B60-B422-2F98094602AE}
	EndGlobalSection
EndGlobal
